
Microsoft Visual Studio Solution File, Format Version 12.00
# Visual Studio Version 17
VisualStudioVersion = 17.0.31903.59
MinimumVisualStudioVersion = 10.0.40219.1
Project("{FAE04EC0-301F-11D3-BF4B-00C04F79EFBC}") = "EnergyBackend.Api", "EnergyBackend.Api\EnergyBackend.Api.csproj", "{1D4E39E8-EE0D-44F7-8613-946711830BBA}"
	ProjectSection(ProjectDependencies) = postProject
		{E2A3AE46-C927-4692-BFF9-29C9EE765564} = {E2A3AE46-C927-4692-BFF9-29C9EE765564}
	EndProjectSection
EndProject
Project("{FAE04EC0-301F-11D3-BF4B-00C04F79EFBC}") = "EnergyBackend.Domain", "EnergyBackend.Domain\EnergyBackend.Domain.csproj", "{4161E21D-ECD8-4B41-AB68-0212178443F2}"
EndProject
Project("{FAE04EC0-301F-11D3-BF4B-00C04F79EFBC}") = "EnergyBackend.Services", "EnergyBackend.Services\EnergyBackend.Services.csproj", "{7DA91A2F-6D21-4C46-B661-625617AC490A}"
EndProject
Project("{FAE04EC0-301F-11D3-BF4B-00C04F79EFBC}") = "EnergyBackend.Data", "EnergyBackend.Data\EnergyBackend.Data.csproj", "{E2A3AE46-C927-4692-BFF9-29C9EE765564}"
EndProject
Global
	GlobalSection(SolutionConfigurationPlatforms) = preSolution
		Debug|Any CPU = Debug|Any CPU
		Debug|x64 = Debug|x64
		Debug|x86 = Debug|x86
		Release|Any CPU = Release|Any CPU
		Release|x64 = Release|x64
		Release|x86 = Release|x86
	EndGlobalSection
	GlobalSection(ProjectConfigurationPlatforms) = postSolution
		{1D4E39E8-EE0D-44F7-8613-946711830BBA}.Debug|Any CPU.ActiveCfg = Debug|Any CPU
		{1D4E39E8-EE0D-44F7-8613-946711830BBA}.Debug|Any CPU.Build.0 = Debug|Any CPU
		{1D4E39E8-EE0D-44F7-8613-946711830BBA}.Debug|x64.ActiveCfg = Debug|Any CPU
		{1D4E39E8-EE0D-44F7-8613-946711830BBA}.Debug|x64.Build.0 = Debug|Any CPU
		{1D4E39E8-EE0D-44F7-8613-946711830BBA}.Debug|x86.ActiveCfg = Debug|Any CPU
		{1D4E39E8-EE0D-44F7-8613-946711830BBA}.Debug|x86.Build.0 = Debug|Any CPU
		{1D4E39E8-EE0D-44F7-8613-946711830BBA}.Release|Any CPU.ActiveCfg = Release|Any CPU
		{1D4E39E8-EE0D-44F7-8613-946711830BBA}.Release|Any CPU.Build.0 = Release|Any CPU
		{1D4E39E8-EE0D-44F7-8613-946711830BBA}.Release|x64.ActiveCfg = Release|Any CPU
		{1D4E39E8-EE0D-44F7-8613-946711830BBA}.Release|x64.Build.0 = Release|Any CPU
		{1D4E39E8-EE0D-44F7-8613-946711830BBA}.Release|x86.ActiveCfg = Release|Any CPU
		{1D4E39E8-EE0D-44F7-8613-946711830BBA}.Release|x86.Build.0 = Release|Any CPU
		{4161E21D-ECD8-4B41-AB68-0212178443F2}.Debug|Any CPU.ActiveCfg = Debug|Any CPU
		{4161E21D-ECD8-4B41-AB68-0212178443F2}.Debug|Any CPU.Build.0 = Debug|Any CPU
		{4161E21D-ECD8-4B41-AB68-0212178443F2}.Debug|x64.ActiveCfg = Debug|Any CPU
		{4161E21D-ECD8-4B41-AB68-0212178443F2}.Debug|x64.Build.0 = Debug|Any CPU
		{4161E21D-ECD8-4B41-AB68-0212178443F2}.Debug|x86.ActiveCfg = Debug|Any CPU
		{4161E21D-ECD8-4B41-AB68-0212178443F2}.Debug|x86.Build.0 = Debug|Any CPU
		{4161E21D-ECD8-4B41-AB68-0212178443F2}.Release|Any CPU.ActiveCfg = Release|Any CPU
		{4161E21D-ECD8-4B41-AB68-0212178443F2}.Release|Any CPU.Build.0 = Release|Any CPU
		{4161E21D-ECD8-4B41-AB68-0212178443F2}.Release|x64.ActiveCfg = Release|Any CPU
		{4161E21D-ECD8-4B41-AB68-0212178443F2}.Release|x64.Build.0 = Release|Any CPU
		{4161E21D-ECD8-4B41-AB68-0212178443F2}.Release|x86.ActiveCfg = Release|Any CPU
		{4161E21D-ECD8-4B41-AB68-0212178443F2}.Release|x86.Build.0 = Release|Any CPU
		{7DA91A2F-6D21-4C46-B661-625617AC490A}.Debug|Any CPU.ActiveCfg = Debug|Any CPU
		{7DA91A2F-6D21-4C46-B661-625617AC490A}.Debug|Any CPU.Build.0 = Debug|Any CPU
		{7DA91A2F-6D21-4C46-B661-625617AC490A}.Debug|x64.ActiveCfg = Debug|Any CPU
		{7DA91A2F-6D21-4C46-B661-625617AC490A}.Debug|x64.Build.0 = Debug|Any CPU
		{7DA91A2F-6D21-4C46-B661-625617AC490A}.Debug|x86.ActiveCfg = Debug|Any CPU
		{7DA91A2F-6D21-4C46-B661-625617AC490A}.Debug|x86.Build.0 = Debug|Any CPU
		{7DA91A2F-6D21-4C46-B661-625617AC490A}.Release|Any CPU.ActiveCfg = Release|Any CPU
		{7DA91A2F-6D21-4C46-B661-625617AC490A}.Release|Any CPU.Build.0 = Release|Any CPU
		{7DA91A2F-6D21-4C46-B661-625617AC490A}.Release|x64.ActiveCfg = Release|Any CPU
		{7DA91A2F-6D21-4C46-B661-625617AC490A}.Release|x64.Build.0 = Release|Any CPU
		{7DA91A2F-6D21-4C46-B661-625617AC490A}.Release|x86.ActiveCfg = Release|Any CPU
		{7DA91A2F-6D21-4C46-B661-625617AC490A}.Release|x86.Build.0 = Release|Any CPU
		{E2A3AE46-C927-4692-BFF9-29C9EE765564}.Debug|Any CPU.ActiveCfg = Debug|Any CPU
		{E2A3AE46-C927-4692-BFF9-29C9EE765564}.Debug|Any CPU.Build.0 = Debug|Any CPU
		{E2A3AE46-C927-4692-BFF9-29C9EE765564}.Debug|x64.ActiveCfg = Debug|Any CPU
		{E2A3AE46-C927-4692-BFF9-29C9EE765564}.Debug|x64.Build.0 = Debug|Any CPU
		{E2A3AE46-C927-4692-BFF9-29C9EE765564}.Debug|x86.ActiveCfg = Debug|Any CPU
		{E2A3AE46-C927-4692-BFF9-29C9EE765564}.Debug|x86.Build.0 = Debug|Any CPU
		{E2A3AE46-C927-4692-BFF9-29C9EE765564}.Release|Any CPU.ActiveCfg = Release|Any CPU
		{E2A3AE46-C927-4692-BFF9-29C9EE765564}.Release|Any CPU.Build.0 = Release|Any CPU
		{E2A3AE46-C927-4692-BFF9-29C9EE765564}.Release|x64.ActiveCfg = Release|Any CPU
		{E2A3AE46-C927-4692-BFF9-29C9EE765564}.Release|x64.Build.0 = Release|Any CPU
		{E2A3AE46-C927-4692-BFF9-29C9EE765564}.Release|x86.ActiveCfg = Release|Any CPU
		{E2A3AE46-C927-4692-BFF9-29C9EE765564}.Release|x86.Build.0 = Release|Any CPU
	EndGlobalSection
	GlobalSection(SolutionProperties) = preSolution
		HideSolutionNode = FALSE
	EndGlobalSection
	GlobalSection(ExtensibilityGlobals) = postSolution
		SolutionGuid = {7CA981EE-F2F8-4E10-96CA-26014EF2D67F}
	EndGlobalSection
EndGlobal
